// !$*UTF8*$!
{
	archiveVersion = 1;
	classes = {
	};
	objectVersion = 46;
	objects = {

/* Begin PBXBuildFile section */
		A2FFC95B1D4CF7D800BBE94C /* main.cpp in Sources */ = {isa = PBXBuildFile; fileRef = A2FFC95A1D4CF7D800BBE94C /* main.cpp */; };
/* End PBXBuildFile section */

/* Begin PBXCopyFilesBuildPhase section */
		A2FFC9551D4CF7D800BBE94C /* CopyFiles */ = {
			isa = PBXCopyFilesBuildPhase;
			buildActionMask = 2147483647;
			dstPath = /usr/share/man/man1/;
			dstSubfolderSpec = 0;
			files = (
			);
			runOnlyForDeploymentPostprocessing = 1;
		};
/* End PBXCopyFilesBuildPhase section */

/* Begin PBXFileReference section */
		A2FFC9571D4CF7D800BBE94C /* cpp11allocatorsample */ = {isa = PBXFileReference; explicitFileType = "compiled.mach-o.executable"; includeInIndex = 0; path = cpp11allocatorsample; sourceTree = BUILT_PRODUCTS_DIR; };
		A2FFC95A1D4CF7D800BBE94C /* main.cpp */ = {isa = PBXFileReference; lastKnownFileType = sourcecode.cpp.cpp; path = main.cpp; sourceTree = "<group>"; };
		A2FFC9611D4D787A00BBE94C /* LegacyAllocator.h */ = {isa = PBXFileReference; lastKnownFileType = sourcecode.c.h; path = LegacyAllocator.h; sourceTree = "<group>"; };
		A2FFC9621D4D788800BBE94C /* ModernAllocator.h */ = {isa = PBXFileReference; lastKnownFileType = sourcecode.c.h; path = ModernAllocator.h; sourceTree = "<group>"; };
/* End PBXFileReference section */

/* Begin PBXFrameworksBuildPhase section */
		A2FFC9541D4CF7D800BBE94C /* Frameworks */ = {
			isa = PBXFrameworksBuildPhase;
			buildActionMask = 2147483647;
			files = (
			);
			runOnlyForDeploymentPostprocessing = 0;
		};
/* End PBXFrameworksBuildPhase section */

/* Begin PBXGroup section */
		A2FFC94E1D4CF7D800BBE94C = {
			isa = PBXGroup;
			children = (
				A2FFC9591D4CF7D800BBE94C /* cpp11allocatorsample */,
				A2FFC9581D4CF7D800BBE94C /* Products */,
			);
			sourceTree = "<group>";
		};
		A2FFC9581D4CF7D800BBE94C /* Products */ = {
			isa = PBXGroup;
			children = (
				A2FFC9571D4CF7D800BBE94C /* cpp11allocatorsample */,
			);
			name = Products;
			sourceTree = "<group>";
		};
		A2FFC9591D4CF7D800BBE94C /* cpp11allocatorsample */ = {
			isa = PBXGroup;
			children = (
				A2FFC95A1D4CF7D800BBE94C /* main.cpp */,
				A2FFC9611D4D787A00BBE94C /* LegacyAllocator.h */,
				A2FFC9621D4D788800BBE94C /* ModernAllocator.h */,
			);
			path = cpp11allocatorsample;
			sourceTree = "<group>";
		};
/* End PBXGroup section */

/* Begin PBXNativeTarget section */
		A2FFC9561D4CF7D800BBE94C /* cpp11allocatorsample */ = {
			isa = PBXNativeTarget;
			buildConfigurationList = A2FFC95E1D4CF7D800BBE94C /* Build configuration list for PBXNativeTarget "cpp11allocatorsample" */;
			buildPhases = (
				A2FFC9531D4CF7D800BBE94C /* Sources */,
				A2FFC9541D4CF7D800BBE94C /* Frameworks */,
				A2FFC9551D4CF7D800BBE94C /* CopyFiles */,
			);
			buildRules = (
			);
			dependencies = (
			);
			name = cpp11allocatorsample;
			productName = cpp11allocatorsample;
			productReference = A2FFC9571D4CF7D800BBE94C /* cpp11allocatorsample */;
			productType = "com.apple.product-type.tool";
		};
/* End PBXNativeTarget section */

/* Begin PBXProject section */
		A2FFC94F1D4CF7D800BBE94C /* Project object */ = {
			isa = PBXProject;
			attributes = {
				LastUpgradeCheck = 0730;
				ORGANIZATIONNAME = pebble8888;
				TargetAttributes = {
					A2FFC9561D4CF7D800BBE94C = {
						CreatedOnToolsVersion = 7.3.1;
					};
				};
			};
			buildConfigurationList = A2FFC9521D4CF7D800BBE94C /* Build configuration list for PBXProject "cpp11allocatorsample" */;
			compatibilityVersion = "Xcode 3.2";
			developmentRegion = English;
			hasScannedForEncodings = 0;
			knownRegions = (
				en,
			);
			mainGroup = A2FFC94E1D4CF7D800BBE94C;
			productRefGroup = A2FFC9581D4CF7D800BBE94C /* Products */;
			projectDirPath = "";
			projectRoot = "";
			targets = (
				A2FFC9561D4CF7D800BBE94C /* cpp11allocatorsample */,
			);
		};
/* End PBXProject section */

/* Begin PBXSourcesBuildPhase section */
		A2FFC9531D4CF7D800BBE94C /* Sources */ = {
			isa = PBXSourcesBuildPhase;
			buildActionMask = 2147483647;
			files = (
				A2FFC95B1D4CF7D800BBE94C /* main.cpp in Sources */,
			);
			runOnlyForDeploymentPostprocessing = 0;
		};
/* End PBXSourcesBuildPhase section */

/* Begin XCBuildConfiguration section */
		A2FFC95C1D4CF7D800BBE94C /* Debug */ = {
			isa = XCBuildConfiguration;
			buildSettings = {
				ALWAYS_SEARCH_USER_PATHS = NO;
				CLANG_ANALYZER_NONNULL = YES;
				CLANG_CXX_LANGUAGE_STANDARD = "gnu++0x";
				CLANG_CXX_LIBRARY = "libc++";
				CLANG_ENABLE_MODULES = YES;
				CLANG_ENABLE_OBJC_ARC = YES;
				CLANG_WARN_BOOL_CONVERSION = YES;
				CLANG_WARN_CONSTANT_CONVERSION = YES;
				CLANG_WARN_DIRECT_OBJC_ISA_USAGE = YES_ERROR;
				CLANG_WARN_EMPTY_BODY = YES;
				CLANG_WARN_ENUM_CONVERSION = YES;
				CLANG_WARN_INT_CONVERSION = YES;
				CLANG_WARN_OBJC_ROOT_CLASS = YES_ERROR;
				CLANG_WARN_UNREACHABLE_CODE = YES;
				CLANG_WARN__DUPLICATE_METHOD_MATCH = YES;
				CODE_SIGN_IDENTITY = "-";
				COPY_PHASE_STRIP = NO;
				DEBUG_INFORMATION_FORMAT = dwarf;
				ENABLE_STRICT_OBJC_MSGSEND = YES;
				ENABLE_TESTABILITY = YES;
				GCC_C_LANGUAGE_STANDARD = gnu99;
				GCC_DYNAMIC_NO_PIC = NO;
				GCC_NO_COMMON_BLOCKS = YES;
				GCC_OPTIMIZATION_LEVEL = 0;
				GCC_PREPROCESSOR_DEFINITIONS = (
					"DEBUG=1",
					"$(inherited)",
				);
				GCC_WARN_64_TO_32_BIT_CONVERSION = YES;
				GCC_WARN_ABOUT_RETURN_TYPE = YES_ERROR;
				GCC_WARN_UNDECLARED_SELECTOR = YES;
				GCC_WARN_UNINITIALIZED_AUTOS = YES_AGGRESSIVE;
				GCC_WARN_UNUSED_FUNCTION = YES;
				GCC_WARN_UNUSED_VARIABLE = YES;
				MACOSX_DEPLOYMENT_TARGET = 10.11;
				MTL_ENABLE_DEBUG_INFO = YES;
				ONLY_ACTIVE_ARCH = YES;
				SDKROOT = macosx;
			};
			name = Debug;
		};
		A2FFC95D1D4CF7D800BBE94C /* Release */ = {
			isa = XCBuildConfiguration;
			buildSettings = {
				ALWAYS_SEARCH_USER_PATHS = NO;
				CLANG_ANALYZER_NONNULL = YES;
				CLANG_CXX_LANGUAGE_STANDARD = "gnu++0x";
				CLANG_CXX_LIBRARY = "libc++";
				CLANG_ENABLE_MODULES = YES;
				CLANG_ENABLE_OBJC_ARC = YES;
				CLANG_WARN_BOOL_CONVERSION = YES;
				CLANG_WARN_CONSTANT_CONVERSION = YES;
				CLANG_WARN_DIRECT_OBJC_ISA_USAGE = YES_ERROR;
				CLANG_WARN_EMPTY_BODY = YES;
				CLANG_WARN_ENUM_CONVERSION = YES;
				CLANG_WARN_INT_CONVERSION = YES;
				CLANG_WARN_OBJC_ROOT_CLASS = YES_ERROR;
				CLANG_WARN_UNREACHABLE_CODE = YES;
				CLANG_WARN__DUPLICATE_METHOD_MATCH = YES;
				CODE_SIGN_IDENTITY = "-";
				COPY_PHASE_STRIP = NO;
				DEBUG_INFORMATION_FORMAT = "dwarf-with-dsym";
				ENABLE_NS_ASSERTIONS = NO;
				ENABLE_STRICT_OBJC_MSGSEND = YES;
				GCC_C_LANGUAGE_STANDARD = gnu99;
				GCC_NO_COMMON_BLOCKS = YES;
				GCC_WARN_64_TO_32_BIT_CONVERSION = YES;
				GCC_WARN_ABOUT_RETURN_TYPE = YES_ERROR;
				GCC_WARN_UNDECLARED_SELECTOR = YES;
				GCC_WARN_UNINITIALIZED_AUTOS = YES_AGGRESSIVE;
				GCC_WARN_UNUSED_FUNCTION = YES;
				GCC_WARN_UNUSED_VARIABLE = YES;
				MACOSX_DEPLOYMENT_TARGET = 10.11;
				MTL_ENABLE_DEBUG_INFO = NO;
				SDKROOT = macosx;
			};
			name = Release;
		};
		A2FFC95F1D4CF7D800BBE94C /* Debug */ = {
			isa = XCBuildConfiguration;
			buildSettings = {
				PRODUCT_NAME = "$(TARGET_NAME)";
			};
			name = Debug;
		};
		A2FFC9601D4CF7D800BBE94C /* Release */ = {
			isa = XCBuildConfiguration;
			buildSettings = {
				PRODUCT_NAME = "$(TARGET_NAME)";
			};
			name = Release;
		};
/* End XCBuildConfiguration section */

/* Begin XCConfigurationList section */
		A2FFC9521D4CF7D800BBE94C /* Build configuration list for PBXProject "cpp11allocatorsample" */ = {
			isa = XCConfigurationList;
			buildConfigurations = (
				A2FFC95C1D4CF7D800BBE94C /* Debug */,
				A2FFC95D1D4CF7D800BBE94C /* Release */,
			);
			defaultConfigurationIsVisible = 0;
			defaultConfigurationName = Release;
		};
		A2FFC95E1D4CF7D800BBE94C /* Build configuration list for PBXNativeTarget "cpp11allocatorsample" */ = {
			isa = XCConfigurationList;
			buildConfigurations = (
				A2FFC95F1D4CF7D800BBE94C /* Debug */,
				A2FFC9601D4CF7D800BBE94C /* Release */,
			);
			defaultConfigurationIsVisible = 0;
		};
/* End XCConfigurationList section */
	};
	rootObject = A2FFC94F1D4CF7D800BBE94C /* Project object */;
}
